// !$*UTF8*$!
{
	archiveVersion = 1;
	classes = {
	};
	objectVersion = 48;
	objects = {

/* Begin PBXBuildFile section */
		955957601FDC9CAB0082F527 /* StatusMenuController.swift in Sources */ = {isa = PBXBuildFile; fileRef = 9559575F1FDC9CAB0082F527 /* StatusMenuController.swift */; };
		955957631FDC9CB20082F527 /* PreferencesWindow.swift in Sources */ = {isa = PBXBuildFile; fileRef = 955957621FDC9CB20082F527 /* PreferencesWindow.swift */; };
		955957651FDC9CB40082F527 /* PPSession.swift in Sources */ = {isa = PBXBuildFile; fileRef = 955957641FDC9CB40082F527 /* PPSession.swift */; };
		9571CA5A1FE5875B008552F0 /* PreferencesWindow.xib in Resources */ = {isa = PBXBuildFile; fileRef = 9571CA5C1FE5875B008552F0 /* PreferencesWindow.xib */; };
		9571CA6C1FE5971C008552F0 /* Localizable.strings in Resources */ = {isa = PBXBuildFile; fileRef = 9571CA6A1FE5971C008552F0 /* Localizable.strings */; };
		959EA9BA1FDF1DA9004CD926 /* Cartfile in Resources */ = {isa = PBXBuildFile; fileRef = 959EA9B91FDF1DA9004CD926 /* Cartfile */; };
		959EA9BC1FDF1EBD004CD926 /* HotKey.framework in Frameworks */ = {isa = PBXBuildFile; fileRef = 959EA9BB1FDF1EBC004CD926 /* HotKey.framework */; };
		959EA9BD1FDF1EBD004CD926 /* HotKey.framework in Embed Frameworks */ = {isa = PBXBuildFile; fileRef = 959EA9BB1FDF1EBC004CD926 /* HotKey.framework */; settings = {ATTRIBUTES = (CodeSignOnCopy, RemoveHeadersOnCopy, ); }; };
		95FAA8CB1FDC9BA4006EAAD1 /* AppDelegate.swift in Sources */ = {isa = PBXBuildFile; fileRef = 95FAA8CA1FDC9BA4006EAAD1 /* AppDelegate.swift */; };
		95FAA8CD1FDC9BA4006EAAD1 /* Assets.xcassets in Resources */ = {isa = PBXBuildFile; fileRef = 95FAA8CC1FDC9BA4006EAAD1 /* Assets.xcassets */; };
		95FAA8D01FDC9BA4006EAAD1 /* MainMenu.xib in Resources */ = {isa = PBXBuildFile; fileRef = 95FAA8CE1FDC9BA4006EAAD1 /* MainMenu.xib */; };
/* End PBXBuildFile section */

/* Begin PBXCopyFilesBuildPhase section */
		959EA9BE1FDF1EBD004CD926 /* Embed Frameworks */ = {
			isa = PBXCopyFilesBuildPhase;
			buildActionMask = 2147483647;
			dstPath = "";
			dstSubfolderSpec = 10;
			files = (
				959EA9BD1FDF1EBD004CD926 /* HotKey.framework in Embed Frameworks */,
			);
			name = "Embed Frameworks";
			runOnlyForDeploymentPostprocessing = 0;
		};
/* End PBXCopyFilesBuildPhase section */

/* Begin PBXFileReference section */
		9559575F1FDC9CAB0082F527 /* StatusMenuController.swift */ = {isa = PBXFileReference; lastKnownFileType = sourcecode.swift; name = StatusMenuController.swift; path = /Volumes/Dev/PairProgram/PairProgram/StatusMenuController.swift; sourceTree = "<absolute>"; };
		955957621FDC9CB20082F527 /* PreferencesWindow.swift */ = {isa = PBXFileReference; lastKnownFileType = sourcecode.swift; name = PreferencesWindow.swift; path = /Volumes/Dev/PairProgram/PairProgram/PreferencesWindow.swift; sourceTree = "<absolute>"; };
		955957641FDC9CB40082F527 /* PPSession.swift */ = {isa = PBXFileReference; lastKnownFileType = sourcecode.swift; name = PPSession.swift; path = /Volumes/Dev/PairProgram/PairProgram/PPSession.swift; sourceTree = "<absolute>"; };
		9571CA5B1FE5875B008552F0 /* Base */ = {isa = PBXFileReference; lastKnownFileType = file.xib; name = Base; path = Base.lproj/PreferencesWindow.xib; sourceTree = "<group>"; };
		9571CA5D1FE587C1008552F0 /* fr */ = {isa = PBXFileReference; lastKnownFileType = text.plist.strings; name = fr; path = fr.lproj/PreferencesWindow.strings; sourceTree = "<group>"; };
		9571CA5E1FE587C1008552F0 /* fr */ = {isa = PBXFileReference; lastKnownFileType = text.plist.strings; name = fr; path = fr.lproj/MainMenu.strings; sourceTree = "<group>"; };
		9571CA601FE588C7008552F0 /* en */ = {isa = PBXFileReference; lastKnownFileType = text.plist.strings; name = en; path = en.lproj/MainMenu.strings; sourceTree = "<group>"; };
		9571CA621FE588D0008552F0 /* en */ = {isa = PBXFileReference; lastKnownFileType = text.plist.strings; name = en; path = en.lproj/PreferencesWindow.strings; sourceTree = "<group>"; };
		9571CA6B1FE5971C008552F0 /* Base */ = {isa = PBXFileReference; lastKnownFileType = text.plist.strings; name = Base; path = PairProgram/Base.lproj/Localizable.strings; sourceTree = "<group>"; };
		9571CA6D1FE59720008552F0 /* fr */ = {isa = PBXFileReference; lastKnownFileType = text.plist.strings; name = fr; path = PairProgram/fr.lproj/Localizable.strings; sourceTree = "<group>"; };
		9571CA6E1FE59721008552F0 /* en */ = {isa = PBXFileReference; lastKnownFileType = text.plist.strings; name = en; path = PairProgram/en.lproj/Localizable.strings; sourceTree = "<group>"; };
		959EA9B91FDF1DA9004CD926 /* Cartfile */ = {isa = PBXFileReference; lastKnownFileType = text; path = Cartfile; sourceTree = "<group>"; };
		959EA9BB1FDF1EBC004CD926 /* HotKey.framework */ = {isa = PBXFileReference; lastKnownFileType = wrapper.framework; name = HotKey.framework; path = PairProgram/Carthage/Build/Mac/HotKey.framework; sourceTree = "<group>"; };
		95FAA8C71FDC9BA4006EAAD1 /* PairProgram.app */ = {isa = PBXFileReference; explicitFileType = wrapper.application; includeInIndex = 0; path = PairProgram.app; sourceTree = BUILT_PRODUCTS_DIR; };
		95FAA8CA1FDC9BA4006EAAD1 /* AppDelegate.swift */ = {isa = PBXFileReference; lastKnownFileType = sourcecode.swift; path = AppDelegate.swift; sourceTree = "<group>"; };
		95FAA8CC1FDC9BA4006EAAD1 /* Assets.xcassets */ = {isa = PBXFileReference; lastKnownFileType = folder.assetcatalog; path = Assets.xcassets; sourceTree = "<group>"; };
		95FAA8CF1FDC9BA4006EAAD1 /* Base */ = {isa = PBXFileReference; lastKnownFileType = file.xib; name = Base; path = Base.lproj/MainMenu.xib; sourceTree = "<group>"; };
		95FAA8D11FDC9BA4006EAAD1 /* Info.plist */ = {isa = PBXFileReference; lastKnownFileType = text.plist.xml; path = Info.plist; sourceTree = "<group>"; };
		95FAA8D21FDC9BA4006EAAD1 /* PairProgram.entitlements */ = {isa = PBXFileReference; lastKnownFileType = text.plist.entitlements; path = PairProgram.entitlements; sourceTree = "<group>"; };
/* End PBXFileReference section */

/* Begin PBXFrameworksBuildPhase section */
		95FAA8C41FDC9BA4006EAAD1 /* Frameworks */ = {
			isa = PBXFrameworksBuildPhase;
			buildActionMask = 2147483647;
			files = (
				959EA9BC1FDF1EBD004CD926 /* HotKey.framework in Frameworks */,
			);
			runOnlyForDeploymentPostprocessing = 0;
		};
/* End PBXFrameworksBuildPhase section */

/* Begin PBXGroup section */
		95FAA8BE1FDC9BA4006EAAD1 = {
			isa = PBXGroup;
			children = (
				9571CA6A1FE5971C008552F0 /* Localizable.strings */,
				959EA9BB1FDF1EBC004CD926 /* HotKey.framework */,
				95FAA8C91FDC9BA4006EAAD1 /* PairProgram */,
				95FAA8C81FDC9BA4006EAAD1 /* Products */,
			);
			sourceTree = "<group>";
		};
		95FAA8C81FDC9BA4006EAAD1 /* Products */ = {
			isa = PBXGroup;
			children = (
				95FAA8C71FDC9BA4006EAAD1 /* PairProgram.app */,
			);
			name = Products;
			sourceTree = "<group>";
		};
		95FAA8C91FDC9BA4006EAAD1 /* PairProgram */ = {
			isa = PBXGroup;
			children = (
				9559575F1FDC9CAB0082F527 /* StatusMenuController.swift */,
				955957641FDC9CB40082F527 /* PPSession.swift */,
				955957621FDC9CB20082F527 /* PreferencesWindow.swift */,
				9571CA5C1FE5875B008552F0 /* PreferencesWindow.xib */,
				95FAA8CA1FDC9BA4006EAAD1 /* AppDelegate.swift */,
				95FAA8CC1FDC9BA4006EAAD1 /* Assets.xcassets */,
				95FAA8CE1FDC9BA4006EAAD1 /* MainMenu.xib */,
				95FAA8D11FDC9BA4006EAAD1 /* Info.plist */,
				95FAA8D21FDC9BA4006EAAD1 /* PairProgram.entitlements */,
				959EA9B91FDF1DA9004CD926 /* Cartfile */,
			);
			path = PairProgram;
			sourceTree = "<group>";
		};
/* End PBXGroup section */

/* Begin PBXNativeTarget section */
		95FAA8C61FDC9BA4006EAAD1 /* PairProgram */ = {
			isa = PBXNativeTarget;
			buildConfigurationList = 95FAA8D51FDC9BA4006EAAD1 /* Build configuration list for PBXNativeTarget "PairProgram" */;
			buildPhases = (
				95FAA8C31FDC9BA4006EAAD1 /* Sources */,
				95FAA8C41FDC9BA4006EAAD1 /* Frameworks */,
				95FAA8C51FDC9BA4006EAAD1 /* Resources */,
				959EA9BE1FDF1EBD004CD926 /* Embed Frameworks */,
			);
			buildRules = (
			);
			dependencies = (
			);
			name = PairProgram;
			productName = PairProgram;
			productReference = 95FAA8C71FDC9BA4006EAAD1 /* PairProgram.app */;
			productType = "com.apple.product-type.application";
		};
/* End PBXNativeTarget section */

/* Begin PBXProject section */
		95FAA8BF1FDC9BA4006EAAD1 /* Project object */ = {
			isa = PBXProject;
			attributes = {
				LastSwiftUpdateCheck = 0920;
				LastUpgradeCheck = 0920;
				ORGANIZATIONNAME = "Foucauld Degeorges";
				TargetAttributes = {
					95FAA8C61FDC9BA4006EAAD1 = {
						CreatedOnToolsVersion = 9.2;
						ProvisioningStyle = Manual;
					};
				};
			};
			buildConfigurationList = 95FAA8C21FDC9BA4006EAAD1 /* Build configuration list for PBXProject "PairProgram" */;
			compatibilityVersion = "Xcode 8.0";
			developmentRegion = en;
			hasScannedForEncodings = 0;
			knownRegions = (
				en,
				Base,
				fr,
			);
			mainGroup = 95FAA8BE1FDC9BA4006EAAD1;
			productRefGroup = 95FAA8C81FDC9BA4006EAAD1 /* Products */;
			projectDirPath = "";
			projectRoot = "";
			targets = (
				95FAA8C61FDC9BA4006EAAD1 /* PairProgram */,
			);
		};
/* End PBXProject section */

/* Begin PBXResourcesBuildPhase section */
		95FAA8C51FDC9BA4006EAAD1 /* Resources */ = {
			isa = PBXResourcesBuildPhase;
			buildActionMask = 2147483647;
			files = (
				9571CA6C1FE5971C008552F0 /* Localizable.strings in Resources */,
				95FAA8CD1FDC9BA4006EAAD1 /* Assets.xcassets in Resources */,
				9571CA5A1FE5875B008552F0 /* PreferencesWindow.xib in Resources */,
				959EA9BA1FDF1DA9004CD926 /* Cartfile in Resources */,
				95FAA8D01FDC9BA4006EAAD1 /* MainMenu.xib in Resources */,
			);
			runOnlyForDeploymentPostprocessing = 0;
		};
/* End PBXResourcesBuildPhase section */

/* Begin PBXSourcesBuildPhase section */
		95FAA8C31FDC9BA4006EAAD1 /* Sources */ = {
			isa = PBXSourcesBuildPhase;
			buildActionMask = 2147483647;
			files = (
				955957601FDC9CAB0082F527 /* StatusMenuController.swift in Sources */,
				955957631FDC9CB20082F527 /* PreferencesWindow.swift in Sources */,
				955957651FDC9CB40082F527 /* PPSession.swift in Sources */,
				95FAA8CB1FDC9BA4006EAAD1 /* AppDelegate.swift in Sources */,
			);
			runOnlyForDeploymentPostprocessing = 0;
		};
/* End PBXSourcesBuildPhase section */

/* Begin PBXVariantGroup section */
		9571CA5C1FE5875B008552F0 /* PreferencesWindow.xib */ = {
			isa = PBXVariantGroup;
			children = (
				9571CA5B1FE5875B008552F0 /* Base */,
				9571CA5D1FE587C1008552F0 /* fr */,
				9571CA621FE588D0008552F0 /* en */,
			);
			name = PreferencesWindow.xib;
			path = /Volumes/Dev/PairProgram/PairProgram;
			sourceTree = "<absolute>";
		};
		9571CA6A1FE5971C008552F0 /* Localizable.strings */ = {
			isa = PBXVariantGroup;
			children = (
				9571CA6B1FE5971C008552F0 /* Base */,
				9571CA6D1FE59720008552F0 /* fr */,
				9571CA6E1FE59721008552F0 /* en */,
			);
			name = Localizable.strings;
			sourceTree = "<group>";
		};
		95FAA8CE1FDC9BA4006EAAD1 /* MainMenu.xib */ = {
			isa = PBXVariantGroup;
			children = (
				95FAA8CF1FDC9BA4006EAAD1 /* Base */,
				9571CA5E1FE587C1008552F0 /* fr */,
				9571CA601FE588C7008552F0 /* en */,
			);
			name = MainMenu.xib;
			sourceTree = "<group>";
		};
/* End PBXVariantGroup section */

/* Begin XCBuildConfiguration section */
		95FAA8D31FDC9BA4006EAAD1 /* Debug */ = {
			isa = XCBuildConfiguration;
			buildSettings = {
				ALWAYS_SEARCH_USER_PATHS = NO;
				CLANG_ANALYZER_LOCALIZABILITY_NONLOCALIZED = YES;
				CLANG_ANALYZER_NONNULL = YES;
				CLANG_ANALYZER_NUMBER_OBJECT_CONVERSION = YES_AGGRESSIVE;
				CLANG_CXX_LANGUAGE_STANDARD = "gnu++14";
				CLANG_CXX_LIBRARY = "libc++";
				CLANG_ENABLE_MODULES = YES;
				CLANG_ENABLE_OBJC_ARC = YES;
				CLANG_WARN_BLOCK_CAPTURE_AUTORELEASING = YES;
				CLANG_WARN_BOOL_CONVERSION = YES;
				CLANG_WARN_COMMA = YES;
				CLANG_WARN_CONSTANT_CONVERSION = YES;
				CLANG_WARN_DIRECT_OBJC_ISA_USAGE = YES_ERROR;
				CLANG_WARN_DOCUMENTATION_COMMENTS = YES;
				CLANG_WARN_EMPTY_BODY = YES;
				CLANG_WARN_ENUM_CONVERSION = YES;
				CLANG_WARN_INFINITE_RECURSION = YES;
				CLANG_WARN_INT_CONVERSION = YES;
				CLANG_WARN_NON_LITERAL_NULL_CONVERSION = YES;
				CLANG_WARN_OBJC_LITERAL_CONVERSION = YES;
				CLANG_WARN_OBJC_ROOT_CLASS = YES_ERROR;
				CLANG_WARN_RANGE_LOOP_ANALYSIS = YES;
				CLANG_WARN_STRICT_PROTOTYPES = YES;
				CLANG_WARN_SUSPICIOUS_MOVE = YES;
				CLANG_WARN_UNGUARDED_AVAILABILITY = YES_AGGRESSIVE;
				CLANG_WARN_UNREACHABLE_CODE = YES;
				CLANG_WARN__DUPLICATE_METHOD_MATCH = YES;
				CODE_SIGN_IDENTITY = "-";
				COPY_PHASE_STRIP = NO;
				DEBUG_INFORMATION_FORMAT = dwarf;
				ENABLE_STRICT_OBJC_MSGSEND = YES;
				ENABLE_TESTABILITY = YES;
				GCC_C_LANGUAGE_STANDARD = gnu11;
				GCC_DYNAMIC_NO_PIC = NO;
				GCC_NO_COMMON_BLOCKS = YES;
				GCC_OPTIMIZATION_LEVEL = 0;
				GCC_PREPROCESSOR_DEFINITIONS = (
					"DEBUG=1",
					"$(inherited)",
				);
				GCC_WARN_64_TO_32_BIT_CONVERSION = YES;
				GCC_WARN_ABOUT_RETURN_TYPE = YES_ERROR;
				GCC_WARN_UNDECLARED_SELECTOR = YES;
				GCC_WARN_UNINITIALIZED_AUTOS = YES_AGGRESSIVE;
				GCC_WARN_UNUSED_FUNCTION = YES;
				GCC_WARN_UNUSED_VARIABLE = YES;
				MACOSX_DEPLOYMENT_TARGET = 10.13;
				MTL_ENABLE_DEBUG_INFO = YES;
				ONLY_ACTIVE_ARCH = YES;
				SDKROOT = macosx;
				SWIFT_ACTIVE_COMPILATION_CONDITIONS = DEBUG;
				SWIFT_OPTIMIZATION_LEVEL = "-Onone";
			};
			name = Debug;
		};
		95FAA8D41FDC9BA4006EAAD1 /* Release */ = {
			isa = XCBuildConfiguration;
			buildSettings = {
				ALWAYS_SEARCH_USER_PATHS = NO;
				CLANG_ANALYZER_LOCALIZABILITY_NONLOCALIZED = YES;
				CLANG_ANALYZER_NONNULL = YES;
				CLANG_ANALYZER_NUMBER_OBJECT_CONVERSION = YES_AGGRESSIVE;
				CLANG_CXX_LANGUAGE_STANDARD = "gnu++14";
				CLANG_CXX_LIBRARY = "libc++";
				CLANG_ENABLE_MODULES = YES;
				CLANG_ENABLE_OBJC_ARC = YES;
				CLANG_WARN_BLOCK_CAPTURE_AUTORELEASING = YES;
				CLANG_WARN_BOOL_CONVERSION = YES;
				CLANG_WARN_COMMA = YES;
				CLANG_WARN_CONSTANT_CONVERSION = YES;
				CLANG_WARN_DIRECT_OBJC_ISA_USAGE = YES_ERROR;
				CLANG_WARN_DOCUMENTATION_COMMENTS = YES;
				CLANG_WARN_EMPTY_BODY = YES;
				CLANG_WARN_ENUM_CONVERSION = YES;
				CLANG_WARN_INFINITE_RECURSION = YES;
				CLANG_WARN_INT_CONVERSION = YES;
				CLANG_WARN_NON_LITERAL_NULL_CONVERSION = YES;
				CLANG_WARN_OBJC_LITERAL_CONVERSION = YES;
				CLANG_WARN_OBJC_ROOT_CLASS = YES_ERROR;
				CLANG_WARN_RANGE_LOOP_ANALYSIS = YES;
				CLANG_WARN_STRICT_PROTOTYPES = YES;
				CLANG_WARN_SUSPICIOUS_MOVE = YES;
				CLANG_WARN_UNGUARDED_AVAILABILITY = YES_AGGRESSIVE;
				CLANG_WARN_UNREACHABLE_CODE = YES;
				CLANG_WARN__DUPLICATE_METHOD_MATCH = YES;
				CODE_SIGN_IDENTITY = "-";
				COPY_PHASE_STRIP = NO;
				DEBUG_INFORMATION_FORMAT = "dwarf-with-dsym";
				ENABLE_NS_ASSERTIONS = NO;
				ENABLE_STRICT_OBJC_MSGSEND = YES;
				GCC_C_LANGUAGE_STANDARD = gnu11;
				GCC_NO_COMMON_BLOCKS = YES;
				GCC_WARN_64_TO_32_BIT_CONVERSION = YES;
				GCC_WARN_ABOUT_RETURN_TYPE = YES_ERROR;
				GCC_WARN_UNDECLARED_SELECTOR = YES;
				GCC_WARN_UNINITIALIZED_AUTOS = YES_AGGRESSIVE;
				GCC_WARN_UNUSED_FUNCTION = YES;
				GCC_WARN_UNUSED_VARIABLE = YES;
				MACOSX_DEPLOYMENT_TARGET = 10.13;
				MTL_ENABLE_DEBUG_INFO = NO;
				SDKROOT = macosx;
				SWIFT_OPTIMIZATION_LEVEL = "-Owholemodule";
			};
			name = Release;
		};
		95FAA8D61FDC9BA4006EAAD1 /* Debug */ = {
			isa = XCBuildConfiguration;
			buildSettings = {
				ASSETCATALOG_COMPILER_APPICON_NAME = AppIcon;
				CODE_SIGN_ENTITLEMENTS = PairProgram/PairProgram.entitlements;
				CODE_SIGN_IDENTITY = "3rd Party Mac Developer Application";
				CODE_SIGN_STYLE = Manual;
				COMBINE_HIDPI_IMAGES = YES;
				DEVELOPMENT_TEAM = 4385UCXT6V;
				FRAMEWORK_SEARCH_PATHS = (
					"$(inherited)",
					"$(PROJECT_DIR)/PairProgram/Carthage/Build/Mac",
				);
				INFOPLIST_FILE = PairProgram/Info.plist;
				LD_RUNPATH_SEARCH_PATHS = "$(inherited) @executable_path/../Frameworks";
				MACOSX_DEPLOYMENT_TARGET = 10.12;
				PRODUCT_BUNDLE_IDENTIFIER = net.fouc.PairProgram;
				PRODUCT_NAME = "$(TARGET_NAME)";
				PROVISIONING_PROFILE_SPECIFIER = "";
				SWIFT_VERSION = 4.0;
			};
			name = Debug;
		};
		95FAA8D71FDC9BA4006EAAD1 /* Release */ = {
			isa = XCBuildConfiguration;
			buildSettings = {
				ASSETCATALOG_COMPILER_APPICON_NAME = AppIcon;
				CODE_SIGN_ENTITLEMENTS = PairProgram/PairProgram.entitlements;
				CODE_SIGN_IDENTITY = "3rd Party Mac Developer Application";
				CODE_SIGN_STYLE = Manual;
				COMBINE_HIDPI_IMAGES = YES;
				DEVELOPMENT_TEAM = 4385UCXT6V;
				FRAMEWORK_SEARCH_PATHS = (
					"$(inherited)",
					"$(PROJECT_DIR)/PairProgram/Carthage/Build/Mac",
				);
				INFOPLIST_FILE = PairProgram/Info.plist;
				LD_RUNPATH_SEARCH_PATHS = "$(inherited) @executable_path/../Frameworks";
				MACOSX_DEPLOYMENT_TARGET = 10.12;
				PRODUCT_BUNDLE_IDENTIFIER = net.fouc.PairProgram;
				PRODUCT_NAME = "$(TARGET_NAME)";
				PROVISIONING_PROFILE_SPECIFIER = "";
				SWIFT_VERSION = 4.0;
			};
			name = Release;
		};
/* End XCBuildConfiguration section */

/* Begin XCConfigurationList section */
		95FAA8C21FDC9BA4006EAAD1 /* Build configuration list for PBXProject "PairProgram" */ = {
			isa = XCConfigurationList;
			buildConfigurations = (
				95FAA8D31FDC9BA4006EAAD1 /* Debug */,
				95FAA8D41FDC9BA4006EAAD1 /* Release */,
			);
			defaultConfigurationIsVisible = 0;
			defaultConfigurationName = Release;
		};
		95FAA8D51FDC9BA4006EAAD1 /* Build configuration list for PBXNativeTarget "PairProgram" */ = {
			isa = XCConfigurationList;
			buildConfigurations = (
				95FAA8D61FDC9BA4006EAAD1 /* Debug */,
				95FAA8D71FDC9BA4006EAAD1 /* Release */,
			);
			defaultConfigurationIsVisible = 0;
			defaultConfigurationName = Release;
		};
/* End XCConfigurationList section */
	};
	rootObject = 95FAA8BF1FDC9BA4006EAAD1 /* Project object */;
}
